
Microsoft Visual Studio Solution File, Format Version 12.00
# Visual Studio Version 17
VisualStudioVersion = 17.13.35931.197 d17.13
MinimumVisualStudioVersion = 10.0.40219.1
Project("{9A19103F-16F7-4668-BE54-9A1E7A4F7556}") = "DiagramDesigner.NetCore.Desktop", "DiagramDesigner.NetCore.Desktop.csproj", "{15CBC581-B6C9-04C3-2A6B-55ABE24CD63C}"
EndProject
Project("{FAE04EC0-301F-11D3-BF4B-00C04F79EFBC}") = "MyBPM", "..\MyBPM\MyBPM.csproj", "{D7C43327-1D51-4214-BC67-42E2EAD6481D}"
EndProject
Global
	GlobalSection(SolutionConfigurationPlatforms) = preSolution
		Debug|Any CPU = Debug|Any CPU
		Release|Any CPU = Release|Any CPU
	EndGlobalSection
	GlobalSection(ProjectConfigurationPlatforms) = postSolution
		{15CBC581-B6C9-04C3-2A6B-55ABE24CD63C}.Debug|Any CPU.ActiveCfg = Debug|Any CPU
		{15CBC581-B6C9-04C3-2A6B-55ABE24CD63C}.Debug|Any CPU.Build.0 = Debug|Any CPU
		{15CBC581-B6C9-04C3-2A6B-55ABE24CD63C}.Release|Any CPU.ActiveCfg = Release|Any CPU
		{15CBC581-B6C9-04C3-2A6B-55ABE24CD63C}.Release|Any CPU.Build.0 = Release|Any CPU
		{D7C43327-1D51-4214-BC67-42E2EAD6481D}.Debug|Any CPU.ActiveCfg = Debug|Any CPU
		{D7C43327-1D51-4214-BC67-42E2EAD6481D}.Debug|Any CPU.Build.0 = Debug|Any CPU
		{D7C43327-1D51-4214-BC67-42E2EAD6481D}.Release|Any CPU.ActiveCfg = Release|Any CPU
		{D7C43327-1D51-4214-BC67-42E2EAD6481D}.Release|Any CPU.Build.0 = Release|Any CPU
	EndGlobalSection
	GlobalSection(SolutionProperties) = preSolution
		HideSolutionNode = FALSE
	EndGlobalSection
EndGlobal
